// !$*UTF8*$!
{
	archiveVersion = 1;
	classes = {
	};
	objectVersion = 46;
	objects = {

/* Begin PBXBuildFile section */
		8372EFE1169407EE007F4F9B /* nav@2x.png in Resources */ = {isa = PBXBuildFile; fileRef = 8372EFE0169407EE007F4F9B /* nav@2x.png */; };
		8372EFE516940B53007F4F9B /* bg@2x.png in Resources */ = {isa = PBXBuildFile; fileRef = 8372EFE316940B53007F4F9B /* bg@2x.png */; };
		8372EFF116942388007F4F9B /* cell_0@2x.png in Resources */ = {isa = PBXBuildFile; fileRef = 8372EFE716942388007F4F9B /* cell_0@2x.png */; };
		8372EFF216942388007F4F9B /* cell_0_s@2x.png in Resources */ = {isa = PBXBuildFile; fileRef = 8372EFE816942388007F4F9B /* cell_0_s@2x.png */; };
		8372EFF316942388007F4F9B /* cell_1@2x.png in Resources */ = {isa = PBXBuildFile; fileRef = 8372EFE916942388007F4F9B /* cell_1@2x.png */; };
		8372EFF416942388007F4F9B /* cell_1_s@2x.png in Resources */ = {isa = PBXBuildFile; fileRef = 8372EFEA16942388007F4F9B /* cell_1_s@2x.png */; };
		8372EFF516942388007F4F9B /* cell_2@2x.png in Resources */ = {isa = PBXBuildFile; fileRef = 8372EFEB16942388007F4F9B /* cell_2@2x.png */; };
		8372EFF616942388007F4F9B /* cell_2_s@2x.png in Resources */ = {isa = PBXBuildFile; fileRef = 8372EFEC16942388007F4F9B /* cell_2_s@2x.png */; };
		8372EFF716942388007F4F9B /* cell_3@2x.png in Resources */ = {isa = PBXBuildFile; fileRef = 8372EFED16942388007F4F9B /* cell_3@2x.png */; };
		8372EFF816942388007F4F9B /* cell_3_s@2x.png in Resources */ = {isa = PBXBuildFile; fileRef = 8372EFEE16942388007F4F9B /* cell_3_s@2x.png */; };
		8372EFF916942388007F4F9B /* cell_4@2x.png in Resources */ = {isa = PBXBuildFile; fileRef = 8372EFEF16942388007F4F9B /* cell_4@2x.png */; };
		8372EFFA16942388007F4F9B /* cell_4_s@2x.png in Resources */ = {isa = PBXBuildFile; fileRef = 8372EFF016942388007F4F9B /* cell_4_s@2x.png */; };
		8376580D168C4A7D00030357 /* MBProgressHUD.m in Sources */ = {isa = PBXBuildFile; fileRef = 8376580C168C4A7D00030357 /* MBProgressHUD.m */; };
		8384E8711689AB0E00873B41 /* hsHeadersViewController.m in Sources */ = {isa = PBXBuildFile; fileRef = 8384E8701689AB0E00873B41 /* hsHeadersViewController.m */; };
		8384E8751689B23200873B41 /* hsHeaderDetailViewController.m in Sources */ = {isa = PBXBuildFile; fileRef = 8384E8741689B23200873B41 /* hsHeaderDetailViewController.m */; };
		8389D51C168C5F33007F3298 /* hsCookieDetailViewController.m in Sources */ = {isa = PBXBuildFile; fileRef = 8389D51B168C5F33007F3298 /* hsCookieDetailViewController.m */; };
		83A39187168AA4FD00DD53B7 /* hsHttpEngine.m in Sources */ = {isa = PBXBuildFile; fileRef = 83A39186168AA4FD00DD53B7 /* hsHttpEngine.m */; };
		83A3918E168ADC3900DD53B7 /* hsSiteViewController.m in Sources */ = {isa = PBXBuildFile; fileRef = 83A3918D168ADC3900DD53B7 /* hsSiteViewController.m */; };
		83A45B2C168819BB0032CD69 /* routes.plist in Resources */ = {isa = PBXBuildFile; fileRef = 83A45B2B168819BB0032CD69 /* routes.plist */; };
		83A6AF9B168314EA007B35C3 /* UIKit.framework in Frameworks */ = {isa = PBXBuildFile; fileRef = 83A6AF9A168314EA007B35C3 /* UIKit.framework */; };
		83A6AF9D168314EA007B35C3 /* Foundation.framework in Frameworks */ = {isa = PBXBuildFile; fileRef = 83A6AF9C168314EA007B35C3 /* Foundation.framework */; };
		83A6AF9F168314EA007B35C3 /* CoreGraphics.framework in Frameworks */ = {isa = PBXBuildFile; fileRef = 83A6AF9E168314EA007B35C3 /* CoreGraphics.framework */; };
		83A6AFA5168314EA007B35C3 /* InfoPlist.strings in Resources */ = {isa = PBXBuildFile; fileRef = 83A6AFA3168314EA007B35C3 /* InfoPlist.strings */; };
		83A6AFA7168314EA007B35C3 /* main.m in Sources */ = {isa = PBXBuildFile; fileRef = 83A6AFA6168314EA007B35C3 /* main.m */; };
		83A6AFAB168314EA007B35C3 /* hsAppDelegate.m in Sources */ = {isa = PBXBuildFile; fileRef = 83A6AFAA168314EA007B35C3 /* hsAppDelegate.m */; };
		83A6AFAD168314EA007B35C3 /* Default.png in Resources */ = {isa = PBXBuildFile; fileRef = 83A6AFAC168314EA007B35C3 /* Default.png */; };
		83A6AFAF168314EA007B35C3 /* Default@2x.png in Resources */ = {isa = PBXBuildFile; fileRef = 83A6AFAE168314EA007B35C3 /* Default@2x.png */; };
		83A6AFB1168314EA007B35C3 /* Default-568h@2x.png in Resources */ = {isa = PBXBuildFile; fileRef = 83A6AFB0168314EA007B35C3 /* Default-568h@2x.png */; };
		83A6AFB4168314EA007B35C3 /* MainStoryboard_iPhone.storyboard in Resources */ = {isa = PBXBuildFile; fileRef = 83A6AFB2168314EA007B35C3 /* MainStoryboard_iPhone.storyboard */; };
		83A6AFB7168314EA007B35C3 /* MainStoryboard_iPad.storyboard in Resources */ = {isa = PBXBuildFile; fileRef = 83A6AFB5168314EA007B35C3 /* MainStoryboard_iPad.storyboard */; };
		83A6AFC5168314EA007B35C3 /* SenTestingKit.framework in Frameworks */ = {isa = PBXBuildFile; fileRef = 83A6AFC4168314EA007B35C3 /* SenTestingKit.framework */; };
		83A6AFC6168314EA007B35C3 /* UIKit.framework in Frameworks */ = {isa = PBXBuildFile; fileRef = 83A6AF9A168314EA007B35C3 /* UIKit.framework */; };
		83A6AFC7168314EA007B35C3 /* Foundation.framework in Frameworks */ = {isa = PBXBuildFile; fileRef = 83A6AF9C168314EA007B35C3 /* Foundation.framework */; };
		83A6AFCF168314EA007B35C3 /* InfoPlist.strings in Resources */ = {isa = PBXBuildFile; fileRef = 83A6AFCD168314EA007B35C3 /* InfoPlist.strings */; };
		83A6AFD2168314EA007B35C3 /* http_statusTests.m in Sources */ = {isa = PBXBuildFile; fileRef = 83A6AFD1168314EA007B35C3 /* http_statusTests.m */; };
		83A6B0211683189C007B35C3 /* NIWebController.m in Sources */ = {isa = PBXBuildFile; fileRef = 83A6B0201683189C007B35C3 /* NIWebController.m */; };
		83A6B04D168318B2007B35C3 /* NICommonMetrics.m in Sources */ = {isa = PBXBuildFile; fileRef = 83A6B023168318B2007B35C3 /* NICommonMetrics.m */; };
		83A6B04E168318B2007B35C3 /* NIDataStructures.m in Sources */ = {isa = PBXBuildFile; fileRef = 83A6B025168318B2007B35C3 /* NIDataStructures.m */; };
		83A6B04F168318B2007B35C3 /* NIDebuggingTools.m in Sources */ = {isa = PBXBuildFile; fileRef = 83A6B027168318B2007B35C3 /* NIDebuggingTools.m */; };
		83A6B050168318B2007B35C3 /* NIDeviceOrientation.m in Sources */ = {isa = PBXBuildFile; fileRef = 83A6B029168318B2007B35C3 /* NIDeviceOrientation.m */; };
		83A6B051168318B2007B35C3 /* NIError.m in Sources */ = {isa = PBXBuildFile; fileRef = 83A6B02B168318B2007B35C3 /* NIError.m */; };
		83A6B052168318B2007B35C3 /* NIFoundationMethods.m in Sources */ = {isa = PBXBuildFile; fileRef = 83A6B02D168318B2007B35C3 /* NIFoundationMethods.m */; };
		83A6B053168318B2007B35C3 /* NIInMemoryCache.m in Sources */ = {isa = PBXBuildFile; fileRef = 83A6B02F168318B2007B35C3 /* NIInMemoryCache.m */; };
		83A6B054168318B2007B35C3 /* NINavigationAppearance.m in Sources */ = {isa = PBXBuildFile; fileRef = 83A6B034168318B2007B35C3 /* NINavigationAppearance.m */; };
		83A6B055168318B2007B35C3 /* NINetworkActivity.m in Sources */ = {isa = PBXBuildFile; fileRef = 83A6B036168318B2007B35C3 /* NINetworkActivity.m */; };
		83A6B056168318B2007B35C3 /* NINonEmptyCollectionTesting.m in Sources */ = {isa = PBXBuildFile; fileRef = 83A6B038168318B2007B35C3 /* NINonEmptyCollectionTesting.m */; };
		83A6B057168318B2007B35C3 /* NINonRetainingCollections.m in Sources */ = {isa = PBXBuildFile; fileRef = 83A6B03A168318B2007B35C3 /* NINonRetainingCollections.m */; };
		83A6B058168318B2007B35C3 /* NIOperations.m in Sources */ = {isa = PBXBuildFile; fileRef = 83A6B03C168318B2007B35C3 /* NIOperations.m */; };
		83A6B059168318B2007B35C3 /* NIPaths.m in Sources */ = {isa = PBXBuildFile; fileRef = 83A6B03F168318B2007B35C3 /* NIPaths.m */; };
		83A6B05A168318B2007B35C3 /* NIRuntimeClassModifications.m in Sources */ = {isa = PBXBuildFile; fileRef = 83A6B042168318B2007B35C3 /* NIRuntimeClassModifications.m */; };
		83A6B05B168318B2007B35C3 /* NISDKAvailability.m in Sources */ = {isa = PBXBuildFile; fileRef = 83A6B044168318B2007B35C3 /* NISDKAvailability.m */; };
		83A6B05C168318B2007B35C3 /* NISnapshotRotation.m in Sources */ = {isa = PBXBuildFile; fileRef = 83A6B046168318B2007B35C3 /* NISnapshotRotation.m */; };
		83A6B05D168318B2007B35C3 /* NIState.m in Sources */ = {isa = PBXBuildFile; fileRef = 83A6B048168318B2007B35C3 /* NIState.m */; };
		83A6B05E168318B2007B35C3 /* NIViewRecycler.m in Sources */ = {isa = PBXBuildFile; fileRef = 83A6B04A168318B2007B35C3 /* NIViewRecycler.m */; };
		83A6B05F168318B2007B35C3 /* NSString+NimbusCore.m in Sources */ = {isa = PBXBuildFile; fileRef = 83A6B04C168318B2007B35C3 /* NSString+NimbusCore.m */; };
		83A6B07B16831AC7007B35C3 /* AFHTTPRequestOperation.m in Sources */ = {isa = PBXBuildFile; fileRef = 83A6B06A16831AC7007B35C3 /* AFHTTPRequestOperation.m */; };
		83A6B07C16831AC7007B35C3 /* AFImageRequestOperation.m in Sources */ = {isa = PBXBuildFile; fileRef = 83A6B06C16831AC7007B35C3 /* AFImageRequestOperation.m */; };
		83A6B07D16831AC7007B35C3 /* AFJSONRequestOperation.m in Sources */ = {isa = PBXBuildFile; fileRef = 83A6B06E16831AC7007B35C3 /* AFJSONRequestOperation.m */; };
		83A6B07E16831AC7007B35C3 /* AFNetworkActivityIndicatorManager.m in Sources */ = {isa = PBXBuildFile; fileRef = 83A6B07016831AC7007B35C3 /* AFNetworkActivityIndicatorManager.m */; };
		83A6B07F16831AC7007B35C3 /* AFPropertyListRequestOperation.m in Sources */ = {isa = PBXBuildFile; fileRef = 83A6B07316831AC7007B35C3 /* AFPropertyListRequestOperation.m */; };
		83A6B08016831AC7007B35C3 /* AFURLConnectionOperation.m in Sources */ = {isa = PBXBuildFile; fileRef = 83A6B07516831AC7007B35C3 /* AFURLConnectionOperation.m */; };
		83A6B08116831AC7007B35C3 /* AFXMLRequestOperation.m in Sources */ = {isa = PBXBuildFile; fileRef = 83A6B07716831AC7007B35C3 /* AFXMLRequestOperation.m */; };
		83A6B08216831AC7007B35C3 /* UIImageView+AFNetworking.m in Sources */ = {isa = PBXBuildFile; fileRef = 83A6B07916831AC7007B35C3 /* UIImageView+AFNetworking.m */; };
		83A95F6E1692D84300212884 /* hsDrawOpaqueRectBlockCellObject.m in Sources */ = {isa = PBXBuildFile; fileRef = 83A95F6D1692D84300212884 /* hsDrawOpaqueRectBlockCellObject.m */; };
		83DA1777168965C100CCB83C /* hsResponseViewController.m in Sources */ = {isa = PBXBuildFile; fileRef = 83DA1776168965C100CCB83C /* hsResponseViewController.m */; };
		83DA177A16896AE300CCB83C /* hsBodyCell.m in Sources */ = {isa = PBXBuildFile; fileRef = 83DA177916896AE300CCB83C /* hsBodyCell.m */; };
		83DA1793168980FA00CCB83C /* NICellBackgrounds.m in Sources */ = {isa = PBXBuildFile; fileRef = 83DA177E168980F900CCB83C /* NICellBackgrounds.m */; };
		83DA1794168980FA00CCB83C /* NICellCatalog.m in Sources */ = {isa = PBXBuildFile; fileRef = 83DA1780168980F900CCB83C /* NICellCatalog.m */; };
		83DA1795168980FA00CCB83C /* NICellFactory.m in Sources */ = {isa = PBXBuildFile; fileRef = 83DA1782168980F900CCB83C /* NICellFactory.m */; };
		83DA1796168980FA00CCB83C /* NIFormCellCatalog.m in Sources */ = {isa = PBXBuildFile; fileRef = 83DA1784168980F900CCB83C /* NIFormCellCatalog.m */; };
		83DA1797168980FA00CCB83C /* NIMutableTableViewModel.m in Sources */ = {isa = PBXBuildFile; fileRef = 83DA1788168980F900CCB83C /* NIMutableTableViewModel.m */; };
		83DA1798168980FA00CCB83C /* NIRadioGroup.m in Sources */ = {isa = PBXBuildFile; fileRef = 83DA178B168980F900CCB83C /* NIRadioGroup.m */; };
		83DA1799168980FA00CCB83C /* NIRadioGroupController.m in Sources */ = {isa = PBXBuildFile; fileRef = 83DA178D168980F900CCB83C /* NIRadioGroupController.m */; };
		83DA179A168980FA00CCB83C /* NITableViewActions.m in Sources */ = {isa = PBXBuildFile; fileRef = 83DA178F168980F900CCB83C /* NITableViewActions.m */; };
		83DA179B168980FA00CCB83C /* NITableViewModel.m in Sources */ = {isa = PBXBuildFile; fileRef = 83DA1791168980F900CCB83C /* NITableViewModel.m */; };
		83DA179E1689843A00CCB83C /* hsIboolooViewController.m in Sources */ = {isa = PBXBuildFile; fileRef = 83DA179D1689843A00CCB83C /* hsIboolooViewController.m */; };
		83DAA37616952E83006323C7 /* back_btn@2x.png in Resources */ = {isa = PBXBuildFile; fileRef = 83DAA37416952E83006323C7 /* back_btn@2x.png */; };
		83DAA37716952E83006323C7 /* blue_btn@2x.png in Resources */ = {isa = PBXBuildFile; fileRef = 83DAA37516952E83006323C7 /* blue_btn@2x.png */; };
		83DAA37B16954715006323C7 /* back_btn_s@2x.png in Resources */ = {isa = PBXBuildFile; fileRef = 83DAA37916954715006323C7 /* back_btn_s@2x.png */; };
		83DAA37C16954715006323C7 /* blue_btn_s@2x.png in Resources */ = {isa = PBXBuildFile; fileRef = 83DAA37A16954715006323C7 /* blue_btn_s@2x.png */; };
		83EE5925168C2BFE00D24AA2 /* AFHTTPClient.m in Sources */ = {isa = PBXBuildFile; fileRef = 83EE5924168C2BFE00D24AA2 /* AFHTTPClient.m */; };
		83EE5928168C2C2700D24AA2 /* IBoolooHttpClient.m in Sources */ = {isa = PBXBuildFile; fileRef = 83EE5927168C2C2700D24AA2 /* IBoolooHttpClient.m */; };
		83EE592B168C2EB000D24AA2 /* hsParamsViewController.m in Sources */ = {isa = PBXBuildFile; fileRef = 83EE592A168C2EB000D24AA2 /* hsParamsViewController.m */; };
		83F08377168C1A8B007F232E /* hsSiteDetailViewController.m in Sources */ = {isa = PBXBuildFile; fileRef = 83F08376168C1A8B007F232E /* hsSiteDetailViewController.m */; };
/* End PBXBuildFile section */

/* Begin PBXContainerItemProxy section */
		83A6AFC8168314EA007B35C3 /* PBXContainerItemProxy */ = {
			isa = PBXContainerItemProxy;
			containerPortal = 83A6AF8D168314EA007B35C3 /* Project object */;
			proxyType = 1;
			remoteGlobalIDString = 83A6AF95168314EA007B35C3;
			remoteInfo = http_status;
		};
/* End PBXContainerItemProxy section */

/* Begin PBXFileReference section */
		8372EFE0169407EE007F4F9B /* nav@2x.png */ = {isa = PBXFileReference; lastKnownFileType = image.png; name = "nav@2x.png"; path = "view/images/nav@2x.png"; sourceTree = "<group>"; };
		8372EFE316940B53007F4F9B /* bg@2x.png */ = {isa = PBXFileReference; lastKnownFileType = image.png; name = "bg@2x.png"; path = "view/images/bg@2x.png"; sourceTree = "<group>"; };
		8372EFE716942388007F4F9B /* cell_0@2x.png */ = {isa = PBXFileReference; lastKnownFileType = image.png; name = "cell_0@2x.png"; path = "view/images/cell_0@2x.png"; sourceTree = "<group>"; };
		8372EFE816942388007F4F9B /* cell_0_s@2x.png */ = {isa = PBXFileReference; lastKnownFileType = image.png; name = "cell_0_s@2x.png"; path = "view/images/cell_0_s@2x.png"; sourceTree = "<group>"; };
		8372EFE916942388007F4F9B /* cell_1@2x.png */ = {isa = PBXFileReference; lastKnownFileType = image.png; name = "cell_1@2x.png"; path = "view/images/cell_1@2x.png"; sourceTree = "<group>"; };
		8372EFEA16942388007F4F9B /* cell_1_s@2x.png */ = {isa = PBXFileReference; lastKnownFileType = image.png; name = "cell_1_s@2x.png"; path = "view/images/cell_1_s@2x.png"; sourceTree = "<group>"; };
		8372EFEB16942388007F4F9B /* cell_2@2x.png */ = {isa = PBXFileReference; lastKnownFileType = image.png; name = "cell_2@2x.png"; path = "view/images/cell_2@2x.png"; sourceTree = "<group>"; };
		8372EFEC16942388007F4F9B /* cell_2_s@2x.png */ = {isa = PBXFileReference; lastKnownFileType = image.png; name = "cell_2_s@2x.png"; path = "view/images/cell_2_s@2x.png"; sourceTree = "<group>"; };
		8372EFED16942388007F4F9B /* cell_3@2x.png */ = {isa = PBXFileReference; lastKnownFileType = image.png; name = "cell_3@2x.png"; path = "view/images/cell_3@2x.png"; sourceTree = "<group>"; };
		8372EFEE16942388007F4F9B /* cell_3_s@2x.png */ = {isa = PBXFileReference; lastKnownFileType = image.png; name = "cell_3_s@2x.png"; path = "view/images/cell_3_s@2x.png"; sourceTree = "<group>"; };
		8372EFEF16942388007F4F9B /* cell_4@2x.png */ = {isa = PBXFileReference; lastKnownFileType = image.png; name = "cell_4@2x.png"; path = "view/images/cell_4@2x.png"; sourceTree = "<group>"; };
		8372EFF016942388007F4F9B /* cell_4_s@2x.png */ = {isa = PBXFileReference; lastKnownFileType = image.png; name = "cell_4_s@2x.png"; path = "view/images/cell_4_s@2x.png"; sourceTree = "<group>"; };
		8376580B168C4A7D00030357 /* MBProgressHUD.h */ = {isa = PBXFileReference; fileEncoding = 4; lastKnownFileType = sourcecode.c.h; path = MBProgressHUD.h; sourceTree = "<group>"; };
		8376580C168C4A7D00030357 /* MBProgressHUD.m */ = {isa = PBXFileReference; fileEncoding = 4; lastKnownFileType = sourcecode.c.objc; path = MBProgressHUD.m; sourceTree = "<group>"; };
		8384E86F1689AB0E00873B41 /* hsHeadersViewController.h */ = {isa = PBXFileReference; fileEncoding = 4; lastKnownFileType = sourcecode.c.h; path = hsHeadersViewController.h; sourceTree = "<group>"; };
		8384E8701689AB0E00873B41 /* hsHeadersViewController.m */ = {isa = PBXFileReference; fileEncoding = 4; lastKnownFileType = sourcecode.c.objc; path = hsHeadersViewController.m; sourceTree = "<group>"; };
		8384E8731689B23200873B41 /* hsHeaderDetailViewController.h */ = {isa = PBXFileReference; fileEncoding = 4; lastKnownFileType = sourcecode.c.h; path = hsHeaderDetailViewController.h; sourceTree = "<group>"; };
		8384E8741689B23200873B41 /* hsHeaderDetailViewController.m */ = {isa = PBXFileReference; fileEncoding = 4; lastKnownFileType = sourcecode.c.objc; path = hsHeaderDetailViewController.m; sourceTree = "<group>"; };
		8389D51A168C5F33007F3298 /* hsCookieDetailViewController.h */ = {isa = PBXFileReference; fileEncoding = 4; lastKnownFileType = sourcecode.c.h; path = hsCookieDetailViewController.h; sourceTree = "<group>"; };
		8389D51B168C5F33007F3298 /* hsCookieDetailViewController.m */ = {isa = PBXFileReference; fileEncoding = 4; lastKnownFileType = sourcecode.c.objc; path = hsCookieDetailViewController.m; sourceTree = "<group>"; };
		83A39185168AA4FD00DD53B7 /* hsHttpEngine.h */ = {isa = PBXFileReference; fileEncoding = 4; lastKnownFileType = sourcecode.c.h; path = hsHttpEngine.h; sourceTree = "<group>"; };
		83A39186168AA4FD00DD53B7 /* hsHttpEngine.m */ = {isa = PBXFileReference; fileEncoding = 4; lastKnownFileType = sourcecode.c.objc; path = hsHttpEngine.m; sourceTree = "<group>"; };
		83A3918C168ADC3900DD53B7 /* hsSiteViewController.h */ = {isa = PBXFileReference; fileEncoding = 4; lastKnownFileType = sourcecode.c.h; path = hsSiteViewController.h; sourceTree = "<group>"; };
		83A3918D168ADC3900DD53B7 /* hsSiteViewController.m */ = {isa = PBXFileReference; fileEncoding = 4; lastKnownFileType = sourcecode.c.objc; path = hsSiteViewController.m; sourceTree = "<group>"; };
		83A45B2B168819BB0032CD69 /* routes.plist */ = {isa = PBXFileReference; fileEncoding = 4; lastKnownFileType = text.plist.xml; name = routes.plist; path = http_status/routes.plist; sourceTree = "<group>"; };
		83A6AF96168314EA007B35C3 /* http_status.app */ = {isa = PBXFileReference; explicitFileType = wrapper.application; includeInIndex = 0; path = http_status.app; sourceTree = BUILT_PRODUCTS_DIR; };
		83A6AF9A168314EA007B35C3 /* UIKit.framework */ = {isa = PBXFileReference; lastKnownFileType = wrapper.framework; name = UIKit.framework; path = System/Library/Frameworks/UIKit.framework; sourceTree = SDKROOT; };
		83A6AF9C168314EA007B35C3 /* Foundation.framework */ = {isa = PBXFileReference; lastKnownFileType = wrapper.framework; name = Foundation.framework; path = System/Library/Frameworks/Foundation.framework; sourceTree = SDKROOT; };
		83A6AF9E168314EA007B35C3 /* CoreGraphics.framework */ = {isa = PBXFileReference; lastKnownFileType = wrapper.framework; name = CoreGraphics.framework; path = System/Library/Frameworks/CoreGraphics.framework; sourceTree = SDKROOT; };
		83A6AFA2168314EA007B35C3 /* http_status-Info.plist */ = {isa = PBXFileReference; lastKnownFileType = text.plist.xml; name = "http_status-Info.plist"; path = "http_status/http_status-Info.plist"; sourceTree = "<group>"; };
		83A6AFA4168314EA007B35C3 /* en */ = {isa = PBXFileReference; lastKnownFileType = text.plist.strings; name = en; path = en.lproj/InfoPlist.strings; sourceTree = "<group>"; };
		83A6AFA6168314EA007B35C3 /* main.m */ = {isa = PBXFileReference; lastKnownFileType = sourcecode.c.objc; name = main.m; path = http_status/main.m; sourceTree = "<group>"; };
		83A6AFA8168314EA007B35C3 /* http_status-Prefix.pch */ = {isa = PBXFileReference; lastKnownFileType = sourcecode.c.h; name = "http_status-Prefix.pch"; path = "http_status/http_status-Prefix.pch"; sourceTree = "<group>"; };
		83A6AFA9168314EA007B35C3 /* hsAppDelegate.h */ = {isa = PBXFileReference; lastKnownFileType = sourcecode.c.h; name = hsAppDelegate.h; path = http_status/hsAppDelegate.h; sourceTree = "<group>"; };
		83A6AFAA168314EA007B35C3 /* hsAppDelegate.m */ = {isa = PBXFileReference; lastKnownFileType = sourcecode.c.objc; name = hsAppDelegate.m; path = http_status/hsAppDelegate.m; sourceTree = "<group>"; };
		83A6AFAC168314EA007B35C3 /* Default.png */ = {isa = PBXFileReference; lastKnownFileType = image.png; name = Default.png; path = http_status/Default.png; sourceTree = "<group>"; };
		83A6AFAE168314EA007B35C3 /* Default@2x.png */ = {isa = PBXFileReference; lastKnownFileType = image.png; name = "Default@2x.png"; path = "http_status/Default@2x.png"; sourceTree = "<group>"; };
		83A6AFB0168314EA007B35C3 /* Default-568h@2x.png */ = {isa = PBXFileReference; lastKnownFileType = image.png; name = "Default-568h@2x.png"; path = "http_status/Default-568h@2x.png"; sourceTree = "<group>"; };
		83A6AFB3168314EA007B35C3 /* en */ = {isa = PBXFileReference; lastKnownFileType = file.storyboard; name = en; path = en.lproj/MainStoryboard_iPhone.storyboard; sourceTree = "<group>"; };
		83A6AFB6168314EA007B35C3 /* en */ = {isa = PBXFileReference; lastKnownFileType = file.storyboard; name = en; path = en.lproj/MainStoryboard_iPad.storyboard; sourceTree = "<group>"; };
		83A6AFC3168314EA007B35C3 /* http_statusTests.octest */ = {isa = PBXFileReference; explicitFileType = wrapper.cfbundle; includeInIndex = 0; path = http_statusTests.octest; sourceTree = BUILT_PRODUCTS_DIR; };
		83A6AFC4168314EA007B35C3 /* SenTestingKit.framework */ = {isa = PBXFileReference; lastKnownFileType = wrapper.framework; name = SenTestingKit.framework; path = Library/Frameworks/SenTestingKit.framework; sourceTree = DEVELOPER_DIR; };
		83A6AFCC168314EA007B35C3 /* http_statusTests-Info.plist */ = {isa = PBXFileReference; lastKnownFileType = text.plist.xml; path = "http_statusTests-Info.plist"; sourceTree = "<group>"; };
		83A6AFCE168314EA007B35C3 /* en */ = {isa = PBXFileReference; lastKnownFileType = text.plist.strings; name = en; path = en.lproj/InfoPlist.strings; sourceTree = "<group>"; };
		83A6AFD0168314EA007B35C3 /* http_statusTests.h */ = {isa = PBXFileReference; lastKnownFileType = sourcecode.c.h; path = http_statusTests.h; sourceTree = "<group>"; };
		83A6AFD1168314EA007B35C3 /* http_statusTests.m */ = {isa = PBXFileReference; lastKnownFileType = sourcecode.c.objc; path = http_statusTests.m; sourceTree = "<group>"; };
		83A6B01D1683189C007B35C3 /* NimbusWebController.h */ = {isa = PBXFileReference; fileEncoding = 4; lastKnownFileType = sourcecode.c.h; path = NimbusWebController.h; sourceTree = "<group>"; };
		83A6B01E1683189C007B35C3 /* NimbusWebController+Namespace.h */ = {isa = PBXFileReference; fileEncoding = 4; lastKnownFileType = sourcecode.c.h; path = "NimbusWebController+Namespace.h"; sourceTree = "<group>"; };
		83A6B01F1683189C007B35C3 /* NIWebController.h */ = {isa = PBXFileReference; fileEncoding = 4; lastKnownFileType = sourcecode.c.h; path = NIWebController.h; sourceTree = "<group>"; };
		83A6B0201683189C007B35C3 /* NIWebController.m */ = {isa = PBXFileReference; fileEncoding = 4; lastKnownFileType = sourcecode.c.objc; path = NIWebController.m; sourceTree = "<group>"; };
		83A6B022168318B2007B35C3 /* NICommonMetrics.h */ = {isa = PBXFileReference; fileEncoding = 4; lastKnownFileType = sourcecode.c.h; path = NICommonMetrics.h; sourceTree = "<group>"; };
		83A6B023168318B2007B35C3 /* NICommonMetrics.m */ = {isa = PBXFileReference; fileEncoding = 4; lastKnownFileType = sourcecode.c.objc; path = NICommonMetrics.m; sourceTree = "<group>"; };
		83A6B024168318B2007B35C3 /* NIDataStructures.h */ = {isa = PBXFileReference; fileEncoding = 4; lastKnownFileType = sourcecode.c.h; path = NIDataStructures.h; sourceTree = "<group>"; };
		83A6B025168318B2007B35C3 /* NIDataStructures.m */ = {isa = PBXFileReference; fileEncoding = 4; lastKnownFileType = sourcecode.c.objc; path = NIDataStructures.m; sourceTree = "<group>"; };
		83A6B026168318B2007B35C3 /* NIDebuggingTools.h */ = {isa = PBXFileReference; fileEncoding = 4; lastKnownFileType = sourcecode.c.h; path = NIDebuggingTools.h; sourceTree = "<group>"; };
		83A6B027168318B2007B35C3 /* NIDebuggingTools.m */ = {isa = PBXFileReference; fileEncoding = 4; lastKnownFileType = sourcecode.c.objc; path = NIDebuggingTools.m; sourceTree = "<group>"; };
		83A6B028168318B2007B35C3 /* NIDeviceOrientation.h */ = {isa = PBXFileReference; fileEncoding = 4; lastKnownFileType = sourcecode.c.h; path = NIDeviceOrientation.h; sourceTree = "<group>"; };
		83A6B029168318B2007B35C3 /* NIDeviceOrientation.m */ = {isa = PBXFileReference; fileEncoding = 4; lastKnownFileType = sourcecode.c.objc; path = NIDeviceOrientation.m; sourceTree = "<group>"; };
		83A6B02A168318B2007B35C3 /* NIError.h */ = {isa = PBXFileReference; fileEncoding = 4; lastKnownFileType = sourcecode.c.h; path = NIError.h; sourceTree = "<group>"; };
		83A6B02B168318B2007B35C3 /* NIError.m */ = {isa = PBXFileReference; fileEncoding = 4; lastKnownFileType = sourcecode.c.objc; path = NIError.m; sourceTree = "<group>"; };
		83A6B02C168318B2007B35C3 /* NIFoundationMethods.h */ = {isa = PBXFileReference; fileEncoding = 4; lastKnownFileType = sourcecode.c.h; path = NIFoundationMethods.h; sourceTree = "<group>"; };
		83A6B02D168318B2007B35C3 /* NIFoundationMethods.m */ = {isa = PBXFileReference; fileEncoding = 4; lastKnownFileType = sourcecode.c.objc; path = NIFoundationMethods.m; sourceTree = "<group>"; };
		83A6B02E168318B2007B35C3 /* NIInMemoryCache.h */ = {isa = PBXFileReference; fileEncoding = 4; lastKnownFileType = sourcecode.c.h; path = NIInMemoryCache.h; sourceTree = "<group>"; };
		83A6B02F168318B2007B35C3 /* NIInMemoryCache.m */ = {isa = PBXFileReference; fileEncoding = 4; lastKnownFileType = sourcecode.c.objc; path = NIInMemoryCache.m; sourceTree = "<group>"; };
		83A6B030168318B2007B35C3 /* NimbusCore.h */ = {isa = PBXFileReference; fileEncoding = 4; lastKnownFileType = sourcecode.c.h; path = NimbusCore.h; sourceTree = "<group>"; };
		83A6B031168318B2007B35C3 /* NimbusCore+Additions.h */ = {isa = PBXFileReference; fileEncoding = 4; lastKnownFileType = sourcecode.c.h; path = "NimbusCore+Additions.h"; sourceTree = "<group>"; };
		83A6B032168318B2007B35C3 /* NimbusCore+Namespace.h */ = {isa = PBXFileReference; fileEncoding = 4; lastKnownFileType = sourcecode.c.h; path = "NimbusCore+Namespace.h"; sourceTree = "<group>"; };
		83A6B033168318B2007B35C3 /* NINavigationAppearance.h */ = {isa = PBXFileReference; fileEncoding = 4; lastKnownFileType = sourcecode.c.h; path = NINavigationAppearance.h; sourceTree = "<group>"; };
		83A6B034168318B2007B35C3 /* NINavigationAppearance.m */ = {isa = PBXFileReference; fileEncoding = 4; lastKnownFileType = sourcecode.c.objc; path = NINavigationAppearance.m; sourceTree = "<group>"; };
		83A6B035168318B2007B35C3 /* NINetworkActivity.h */ = {isa = PBXFileReference; fileEncoding = 4; lastKnownFileType = sourcecode.c.h; path = NINetworkActivity.h; sourceTree = "<group>"; };
		83A6B036168318B2007B35C3 /* NINetworkActivity.m */ = {isa = PBXFileReference; fileEncoding = 4; lastKnownFileType = sourcecode.c.objc; path = NINetworkActivity.m; sourceTree = "<group>"; };
		83A6B037168318B2007B35C3 /* NINonEmptyCollectionTesting.h */ = {isa = PBXFileReference; fileEncoding = 4; lastKnownFileType = sourcecode.c.h; path = NINonEmptyCollectionTesting.h; sourceTree = "<group>"; };
		83A6B038168318B2007B35C3 /* NINonEmptyCollectionTesting.m */ = {isa = PBXFileReference; fileEncoding = 4; lastKnownFileType = sourcecode.c.objc; path = NINonEmptyCollectionTesting.m; sourceTree = "<group>"; };
		83A6B039168318B2007B35C3 /* NINonRetainingCollections.h */ = {isa = PBXFileReference; fileEncoding = 4; lastKnownFileType = sourcecode.c.h; path = NINonRetainingCollections.h; sourceTree = "<group>"; };
		83A6B03A168318B2007B35C3 /* NINonRetainingCollections.m */ = {isa = PBXFileReference; fileEncoding = 4; lastKnownFileType = sourcecode.c.objc; path = NINonRetainingCollections.m; sourceTree = "<group>"; };
		83A6B03B168318B2007B35C3 /* NIOperations.h */ = {isa = PBXFileReference; fileEncoding = 4; lastKnownFileType = sourcecode.c.h; path = NIOperations.h; sourceTree = "<group>"; };
		83A6B03C168318B2007B35C3 /* NIOperations.m */ = {isa = PBXFileReference; fileEncoding = 4; lastKnownFileType = sourcecode.c.objc; path = NIOperations.m; sourceTree = "<group>"; };
		83A6B03D168318B2007B35C3 /* NIOperations+Subclassing.h */ = {isa = PBXFileReference; fileEncoding = 4; lastKnownFileType = sourcecode.c.h; path = "NIOperations+Subclassing.h"; sourceTree = "<group>"; };
		83A6B03E168318B2007B35C3 /* NIPaths.h */ = {isa = PBXFileReference; fileEncoding = 4; lastKnownFileType = sourcecode.c.h; path = NIPaths.h; sourceTree = "<group>"; };
		83A6B03F168318B2007B35C3 /* NIPaths.m */ = {isa = PBXFileReference; fileEncoding = 4; lastKnownFileType = sourcecode.c.objc; path = NIPaths.m; sourceTree = "<group>"; };
		83A6B040168318B2007B35C3 /* NIPreprocessorMacros.h */ = {isa = PBXFileReference; fileEncoding = 4; lastKnownFileType = sourcecode.c.h; path = NIPreprocessorMacros.h; sourceTree = "<group>"; };
		83A6B041168318B2007B35C3 /* NIRuntimeClassModifications.h */ = {isa = PBXFileReference; fileEncoding = 4; lastKnownFileType = sourcecode.c.h; path = NIRuntimeClassModifications.h; sourceTree = "<group>"; };
		83A6B042168318B2007B35C3 /* NIRuntimeClassModifications.m */ = {isa = PBXFileReference; fileEncoding = 4; lastKnownFileType = sourcecode.c.objc; path = NIRuntimeClassModifications.m; sourceTree = "<group>"; };
		83A6B043168318B2007B35C3 /* NISDKAvailability.h */ = {isa = PBXFileReference; fileEncoding = 4; lastKnownFileType = sourcecode.c.h; path = NISDKAvailability.h; sourceTree = "<group>"; };
		83A6B044168318B2007B35C3 /* NISDKAvailability.m */ = {isa = PBXFileReference; fileEncoding = 4; lastKnownFileType = sourcecode.c.objc; path = NISDKAvailability.m; sourceTree = "<group>"; };
		83A6B045168318B2007B35C3 /* NISnapshotRotation.h */ = {isa = PBXFileReference; fileEncoding = 4; lastKnownFileType = sourcecode.c.h; path = NISnapshotRotation.h; sourceTree = "<group>"; };
		83A6B046168318B2007B35C3 /* NISnapshotRotation.m */ = {isa = PBXFileReference; fileEncoding = 4; lastKnownFileType = sourcecode.c.objc; path = NISnapshotRotation.m; sourceTree = "<group>"; };
		83A6B047168318B2007B35C3 /* NIState.h */ = {isa = PBXFileReference; fileEncoding = 4; lastKnownFileType = sourcecode.c.h; path = NIState.h; sourceTree = "<group>"; };
		83A6B048168318B2007B35C3 /* NIState.m */ = {isa = PBXFileReference; fileEncoding = 4; lastKnownFileType = sourcecode.c.objc; path = NIState.m; sourceTree = "<group>"; };
		83A6B049168318B2007B35C3 /* NIViewRecycler.h */ = {isa = PBXFileReference; fileEncoding = 4; lastKnownFileType = sourcecode.c.h; path = NIViewRecycler.h; sourceTree = "<group>"; };
		83A6B04A168318B2007B35C3 /* NIViewRecycler.m */ = {isa = PBXFileReference; fileEncoding = 4; lastKnownFileType = sourcecode.c.objc; path = NIViewRecycler.m; sourceTree = "<group>"; };
		83A6B04B168318B2007B35C3 /* NSString+NimbusCore.h */ = {isa = PBXFileReference; fileEncoding = 4; lastKnownFileType = sourcecode.c.h; path = "NSString+NimbusCore.h"; sourceTree = "<group>"; };
		83A6B04C168318B2007B35C3 /* NSString+NimbusCore.m */ = {isa = PBXFileReference; fileEncoding = 4; lastKnownFileType = sourcecode.c.objc; path = "NSString+NimbusCore.m"; sourceTree = "<group>"; };
		83A6B06916831AC7007B35C3 /* AFHTTPRequestOperation.h */ = {isa = PBXFileReference; fileEncoding = 4; lastKnownFileType = sourcecode.c.h; name = AFHTTPRequestOperation.h; path = nimbus/thirdparty/AFNetworking/AFNetworking/AFHTTPRequestOperation.h; sourceTree = "<group>"; };
		83A6B06A16831AC7007B35C3 /* AFHTTPRequestOperation.m */ = {isa = PBXFileReference; fileEncoding = 4; lastKnownFileType = sourcecode.c.objc; name = AFHTTPRequestOperation.m; path = nimbus/thirdparty/AFNetworking/AFNetworking/AFHTTPRequestOperation.m; sourceTree = "<group>"; };
		83A6B06B16831AC7007B35C3 /* AFImageRequestOperation.h */ = {isa = PBXFileReference; fileEncoding = 4; lastKnownFileType = sourcecode.c.h; name = AFImageRequestOperation.h; path = nimbus/thirdparty/AFNetworking/AFNetworking/AFImageRequestOperation.h; sourceTree = "<group>"; };
		83A6B06C16831AC7007B35C3 /* AFImageRequestOperation.m */ = {isa = PBXFileReference; fileEncoding = 4; lastKnownFileType = sourcecode.c.objc; name = AFImageRequestOperation.m; path = nimbus/thirdparty/AFNetworking/AFNetworking/AFImageRequestOperation.m; sourceTree = "<group>"; };
		83A6B06D16831AC7007B35C3 /* AFJSONRequestOperation.h */ = {isa = PBXFileReference; fileEncoding = 4; lastKnownFileType = sourcecode.c.h; name = AFJSONRequestOperation.h; path = nimbus/thirdparty/AFNetworking/AFNetworking/AFJSONRequestOperation.h; sourceTree = "<group>"; };
		83A6B06E16831AC7007B35C3 /* AFJSONRequestOperation.m */ = {isa = PBXFileReference; fileEncoding = 4; lastKnownFileType = sourcecode.c.objc; name = AFJSONRequestOperation.m; path = nimbus/thirdparty/AFNetworking/AFNetworking/AFJSONRequestOperation.m; sourceTree = "<group>"; };
		83A6B06F16831AC7007B35C3 /* AFNetworkActivityIndicatorManager.h */ = {isa = PBXFileReference; fileEncoding = 4; lastKnownFileType = sourcecode.c.h; name = AFNetworkActivityIndicatorManager.h; path = nimbus/thirdparty/AFNetworking/AFNetworking/AFNetworkActivityIndicatorManager.h; sourceTree = "<group>"; };
		83A6B07016831AC7007B35C3 /* AFNetworkActivityIndicatorManager.m */ = {isa = PBXFileReference; fileEncoding = 4; lastKnownFileType = sourcecode.c.objc; name = AFNetworkActivityIndicatorManager.m; path = nimbus/thirdparty/AFNetworking/AFNetworking/AFNetworkActivityIndicatorManager.m; sourceTree = "<group>"; };
		83A6B07116831AC7007B35C3 /* AFNetworking.h */ = {isa = PBXFileReference; fileEncoding = 4; lastKnownFileType = sourcecode.c.h; name = AFNetworking.h; path = nimbus/thirdparty/AFNetworking/AFNetworking/AFNetworking.h; sourceTree = "<group>"; };
		83A6B07216831AC7007B35C3 /* AFPropertyListRequestOperation.h */ = {isa = PBXFileReference; fileEncoding = 4; lastKnownFileType = sourcecode.c.h; name = AFPropertyListRequestOperation.h; path = nimbus/thirdparty/AFNetworking/AFNetworking/AFPropertyListRequestOperation.h; sourceTree = "<group>"; };
		83A6B07316831AC7007B35C3 /* AFPropertyListRequestOperation.m */ = {isa = PBXFileReference; fileEncoding = 4; lastKnownFileType = sourcecode.c.objc; name = AFPropertyListRequestOperation.m; path = nimbus/thirdparty/AFNetworking/AFNetworking/AFPropertyListRequestOperation.m; sourceTree = "<group>"; };
		83A6B07416831AC7007B35C3 /* AFURLConnectionOperation.h */ = {isa = PBXFileReference; fileEncoding = 4; lastKnownFileType = sourcecode.c.h; name = AFURLConnectionOperation.h; path = nimbus/thirdparty/AFNetworking/AFNetworking/AFURLConnectionOperation.h; sourceTree = "<group>"; };
		83A6B07516831AC7007B35C3 /* AFURLConnectionOperation.m */ = {isa = PBXFileReference; fileEncoding = 4; lastKnownFileType = sourcecode.c.objc; name = AFURLConnectionOperation.m; path = nimbus/thirdparty/AFNetworking/AFNetworking/AFURLConnectionOperation.m; sourceTree = "<group>"; };
		83A6B07616831AC7007B35C3 /* AFXMLRequestOperation.h */ = {isa = PBXFileReference; fileEncoding = 4; lastKnownFileType = sourcecode.c.h; name = AFXMLRequestOperation.h; path = nimbus/thirdparty/AFNetworking/AFNetworking/AFXMLRequestOperation.h; sourceTree = "<group>"; };
		83A6B07716831AC7007B35C3 /* AFXMLRequestOperation.m */ = {isa = PBXFileReference; fileEncoding = 4; lastKnownFileType = sourcecode.c.objc; name = AFXMLRequestOperation.m; path = nimbus/thirdparty/AFNetworking/AFNetworking/AFXMLRequestOperation.m; sourceTree = "<group>"; };
		83A6B07816831AC7007B35C3 /* UIImageView+AFNetworking.h */ = {isa = PBXFileReference; fileEncoding = 4; lastKnownFileType = sourcecode.c.h; name = "UIImageView+AFNetworking.h"; path = "nimbus/thirdparty/AFNetworking/AFNetworking/UIImageView+AFNetworking.h"; sourceTree = "<group>"; };
		83A6B07916831AC7007B35C3 /* UIImageView+AFNetworking.m */ = {isa = PBXFileReference; fileEncoding = 4; lastKnownFileType = sourcecode.c.objc; name = "UIImageView+AFNetworking.m"; path = "nimbus/thirdparty/AFNetworking/AFNetworking/UIImageView+AFNetworking.m"; sourceTree = "<group>"; };
		83A95F6C1692D84300212884 /* hsDrawOpaqueRectBlockCellObject.h */ = {isa = PBXFileReference; fileEncoding = 4; lastKnownFileType = sourcecode.c.h; path = hsDrawOpaqueRectBlockCellObject.h; sourceTree = "<group>"; };
		83A95F6D1692D84300212884 /* hsDrawOpaqueRectBlockCellObject.m */ = {isa = PBXFileReference; fileEncoding = 4; lastKnownFileType = sourcecode.c.objc; path = hsDrawOpaqueRectBlockCellObject.m; sourceTree = "<group>"; };
		83DA1775168965C100CCB83C /* hsResponseViewController.h */ = {isa = PBXFileReference; fileEncoding = 4; lastKnownFileType = sourcecode.c.h; path = hsResponseViewController.h; sourceTree = "<group>"; };
		83DA1776168965C100CCB83C /* hsResponseViewController.m */ = {isa = PBXFileReference; fileEncoding = 4; lastKnownFileType = sourcecode.c.objc; path = hsResponseViewController.m; sourceTree = "<group>"; };
		83DA177816896AE300CCB83C /* hsBodyCell.h */ = {isa = PBXFileReference; fileEncoding = 4; lastKnownFileType = sourcecode.c.h; path = hsBodyCell.h; sourceTree = "<group>"; };
		83DA177916896AE300CCB83C /* hsBodyCell.m */ = {isa = PBXFileReference; fileEncoding = 4; lastKnownFileType = sourcecode.c.objc; path = hsBodyCell.m; sourceTree = "<group>"; };
		83DA177D168980F900CCB83C /* NICellBackgrounds.h */ = {isa = PBXFileReference; fileEncoding = 4; lastKnownFileType = sourcecode.c.h; name = NICellBackgrounds.h; path = nimbus/src/models/src/NICellBackgrounds.h; sourceTree = "<group>"; };
		83DA177E168980F900CCB83C /* NICellBackgrounds.m */ = {isa = PBXFileReference; fileEncoding = 4; lastKnownFileType = sourcecode.c.objc; name = NICellBackgrounds.m; path = nimbus/src/models/src/NICellBackgrounds.m; sourceTree = "<group>"; };
		83DA177F168980F900CCB83C /* NICellCatalog.h */ = {isa = PBXFileReference; fileEncoding = 4; lastKnownFileType = sourcecode.c.h; name = NICellCatalog.h; path = nimbus/src/models/src/NICellCatalog.h; sourceTree = "<group>"; };
		83DA1780168980F900CCB83C /* NICellCatalog.m */ = {isa = PBXFileReference; fileEncoding = 4; lastKnownFileType = sourcecode.c.objc; name = NICellCatalog.m; path = nimbus/src/models/src/NICellCatalog.m; sourceTree = "<group>"; };
		83DA1781168980F900CCB83C /* NICellFactory.h */ = {isa = PBXFileReference; fileEncoding = 4; lastKnownFileType = sourcecode.c.h; name = NICellFactory.h; path = nimbus/src/models/src/NICellFactory.h; sourceTree = "<group>"; };
		83DA1782168980F900CCB83C /* NICellFactory.m */ = {isa = PBXFileReference; fileEncoding = 4; lastKnownFileType = sourcecode.c.objc; name = NICellFactory.m; path = nimbus/src/models/src/NICellFactory.m; sourceTree = "<group>"; };
		83DA1783168980F900CCB83C /* NIFormCellCatalog.h */ = {isa = PBXFileReference; fileEncoding = 4; lastKnownFileType = sourcecode.c.h; name = NIFormCellCatalog.h; path = nimbus/src/models/src/NIFormCellCatalog.h; sourceTree = "<group>"; };
		83DA1784168980F900CCB83C /* NIFormCellCatalog.m */ = {isa = PBXFileReference; fileEncoding = 4; lastKnownFileType = sourcecode.c.objc; name = NIFormCellCatalog.m; path = nimbus/src/models/src/NIFormCellCatalog.m; sourceTree = "<group>"; };
		83DA1785168980F900CCB83C /* NimbusModels.h */ = {isa = PBXFileReference; fileEncoding = 4; lastKnownFileType = sourcecode.c.h; name = NimbusModels.h; path = nimbus/src/models/src/NimbusModels.h; sourceTree = "<group>"; };
		83DA1786168980F900CCB83C /* NimbusModels+Namespace.h */ = {isa = PBXFileReference; fileEncoding = 4; lastKnownFileType = sourcecode.c.h; name = "NimbusModels+Namespace.h"; path = "nimbus/src/models/src/NimbusModels+Namespace.h"; sourceTree = "<group>"; };
		83DA1787168980F900CCB83C /* NIMutableTableViewModel.h */ = {isa = PBXFileReference; fileEncoding = 4; lastKnownFileType = sourcecode.c.h; name = NIMutableTableViewModel.h; path = nimbus/src/models/src/NIMutableTableViewModel.h; sourceTree = "<group>"; };
		83DA1788168980F900CCB83C /* NIMutableTableViewModel.m */ = {isa = PBXFileReference; fileEncoding = 4; lastKnownFileType = sourcecode.c.objc; name = NIMutableTableViewModel.m; path = nimbus/src/models/src/NIMutableTableViewModel.m; sourceTree = "<group>"; };
		83DA1789168980F900CCB83C /* NIMutableTableViewModel+Private.h */ = {isa = PBXFileReference; fileEncoding = 4; lastKnownFileType = sourcecode.c.h; name = "NIMutableTableViewModel+Private.h"; path = "nimbus/src/models/src/NIMutableTableViewModel+Private.h"; sourceTree = "<group>"; };
		83DA178A168980F900CCB83C /* NIRadioGroup.h */ = {isa = PBXFileReference; fileEncoding = 4; lastKnownFileType = sourcecode.c.h; name = NIRadioGroup.h; path = nimbus/src/models/src/NIRadioGroup.h; sourceTree = "<group>"; };
		83DA178B168980F900CCB83C /* NIRadioGroup.m */ = {isa = PBXFileReference; fileEncoding = 4; lastKnownFileType = sourcecode.c.objc; name = NIRadioGroup.m; path = nimbus/src/models/src/NIRadioGroup.m; sourceTree = "<group>"; };
		83DA178C168980F900CCB83C /* NIRadioGroupController.h */ = {isa = PBXFileReference; fileEncoding = 4; lastKnownFileType = sourcecode.c.h; name = NIRadioGroupController.h; path = nimbus/src/models/src/NIRadioGroupController.h; sourceTree = "<group>"; };
		83DA178D168980F900CCB83C /* NIRadioGroupController.m */ = {isa = PBXFileReference; fileEncoding = 4; lastKnownFileType = sourcecode.c.objc; name = NIRadioGroupController.m; path = nimbus/src/models/src/NIRadioGroupController.m; sourceTree = "<group>"; };
		83DA178E168980F900CCB83C /* NITableViewActions.h */ = {isa = PBXFileReference; fileEncoding = 4; lastKnownFileType = sourcecode.c.h; name = NITableViewActions.h; path = nimbus/src/models/src/NITableViewActions.h; sourceTree = "<group>"; };
		83DA178F168980F900CCB83C /* NITableViewActions.m */ = {isa = PBXFileReference; fileEncoding = 4; lastKnownFileType = sourcecode.c.objc; name = NITableViewActions.m; path = nimbus/src/models/src/NITableViewActions.m; sourceTree = "<group>"; };
		83DA1790168980F900CCB83C /* NITableViewModel.h */ = {isa = PBXFileReference; fileEncoding = 4; lastKnownFileType = sourcecode.c.h; name = NITableViewModel.h; path = nimbus/src/models/src/NITableViewModel.h; sourceTree = "<group>"; };
		83DA1791168980F900CCB83C /* NITableViewModel.m */ = {isa = PBXFileReference; fileEncoding = 4; lastKnownFileType = sourcecode.c.objc; name = NITableViewModel.m; path = nimbus/src/models/src/NITableViewModel.m; sourceTree = "<group>"; };
		83DA1792168980F900CCB83C /* NITableViewModel+Private.h */ = {isa = PBXFileReference; fileEncoding = 4; lastKnownFileType = sourcecode.c.h; name = "NITableViewModel+Private.h"; path = "nimbus/src/models/src/NITableViewModel+Private.h"; sourceTree = "<group>"; };
		83DA179C1689843A00CCB83C /* hsIboolooViewController.h */ = {isa = PBXFileReference; fileEncoding = 4; lastKnownFileType = sourcecode.c.h; path = hsIboolooViewController.h; sourceTree = "<group>"; };
		83DA179D1689843A00CCB83C /* hsIboolooViewController.m */ = {isa = PBXFileReference; fileEncoding = 4; lastKnownFileType = sourcecode.c.objc; path = hsIboolooViewController.m; sourceTree = "<group>"; };
		83DAA37416952E83006323C7 /* back_btn@2x.png */ = {isa = PBXFileReference; lastKnownFileType = image.png; name = "back_btn@2x.png"; path = "view/images/back_btn@2x.png"; sourceTree = "<group>"; };
		83DAA37516952E83006323C7 /* blue_btn@2x.png */ = {isa = PBXFileReference; lastKnownFileType = image.png; name = "blue_btn@2x.png"; path = "view/images/blue_btn@2x.png"; sourceTree = "<group>"; };
		83DAA37916954715006323C7 /* back_btn_s@2x.png */ = {isa = PBXFileReference; lastKnownFileType = image.png; name = "back_btn_s@2x.png"; path = "view/images/back_btn_s@2x.png"; sourceTree = "<group>"; };
		83DAA37A16954715006323C7 /* blue_btn_s@2x.png */ = {isa = PBXFileReference; lastKnownFileType = image.png; name = "blue_btn_s@2x.png"; path = "view/images/blue_btn_s@2x.png"; sourceTree = "<group>"; };
		83EE5923168C2BFE00D24AA2 /* AFHTTPClient.h */ = {isa = PBXFileReference; fileEncoding = 4; lastKnownFileType = sourcecode.c.h; name = AFHTTPClient.h; path = nimbus/thirdparty/AFNetworking/AFNetworking/AFHTTPClient.h; sourceTree = "<group>"; };
		83EE5924168C2BFE00D24AA2 /* AFHTTPClient.m */ = {isa = PBXFileReference; fileEncoding = 4; lastKnownFileType = sourcecode.c.objc; name = AFHTTPClient.m; path = nimbus/thirdparty/AFNetworking/AFNetworking/AFHTTPClient.m; sourceTree = "<group>"; };
		83EE5926168C2C2700D24AA2 /* IBoolooHttpClient.h */ = {isa = PBXFileReference; fileEncoding = 4; lastKnownFileType = sourcecode.c.h; path = IBoolooHttpClient.h; sourceTree = "<group>"; };
		83EE5927168C2C2700D24AA2 /* IBoolooHttpClient.m */ = {isa = PBXFileReference; fileEncoding = 4; lastKnownFileType = sourcecode.c.objc; path = IBoolooHttpClient.m; sourceTree = "<group>"; };
		83EE5929168C2EB000D24AA2 /* hsParamsViewController.h */ = {isa = PBXFileReference; fileEncoding = 4; lastKnownFileType = sourcecode.c.h; path = hsParamsViewController.h; sourceTree = "<group>"; };
		83EE592A168C2EB000D24AA2 /* hsParamsViewController.m */ = {isa = PBXFileReference; fileEncoding = 4; lastKnownFileType = sourcecode.c.objc; path = hsParamsViewController.m; sourceTree = "<group>"; };
		83F08375168C1A8B007F232E /* hsSiteDetailViewController.h */ = {isa = PBXFileReference; fileEncoding = 4; lastKnownFileType = sourcecode.c.h; path = hsSiteDetailViewController.h; sourceTree = "<group>"; };
		83F08376168C1A8B007F232E /* hsSiteDetailViewController.m */ = {isa = PBXFileReference; fileEncoding = 4; lastKnownFileType = sourcecode.c.objc; path = hsSiteDetailViewController.m; sourceTree = "<group>"; };
/* End PBXFileReference section */

/* Begin PBXFrameworksBuildPhase section */
		83A6AF93168314EA007B35C3 /* Frameworks */ = {
			isa = PBXFrameworksBuildPhase;
			buildActionMask = 2147483647;
			files = (
				83A6AF9B168314EA007B35C3 /* UIKit.framework in Frameworks */,
				83A6AF9D168314EA007B35C3 /* Foundation.framework in Frameworks */,
				83A6AF9F168314EA007B35C3 /* CoreGraphics.framework in Frameworks */,
			);
			runOnlyForDeploymentPostprocessing = 0;
		};
		83A6AFBF168314EA007B35C3 /* Frameworks */ = {
			isa = PBXFrameworksBuildPhase;
			buildActionMask = 2147483647;
			files = (
				83A6AFC5168314EA007B35C3 /* SenTestingKit.framework in Frameworks */,
				83A6AFC6168314EA007B35C3 /* UIKit.framework in Frameworks */,
				83A6AFC7168314EA007B35C3 /* Foundation.framework in Frameworks */,
			);
			runOnlyForDeploymentPostprocessing = 0;
		};
/* End PBXFrameworksBuildPhase section */

/* Begin PBXGroup section */
		83765809168C4A5C00030357 /* MBProgressHUD */ = {
			isa = PBXGroup;
			children = (
				8376580B168C4A7D00030357 /* MBProgressHUD.h */,
				8376580C168C4A7D00030357 /* MBProgressHUD.m */,
			);
			name = MBProgressHUD;
			sourceTree = "<group>";
		};
		838BEC5C16832F7A009FD77B /* HSHttpClient */ = {
			isa = PBXGroup;
			children = (
				83EE5926168C2C2700D24AA2 /* IBoolooHttpClient.h */,
				83EE5927168C2C2700D24AA2 /* IBoolooHttpClient.m */,
				83A39185168AA4FD00DD53B7 /* hsHttpEngine.h */,
				83A39186168AA4FD00DD53B7 /* hsHttpEngine.m */,
			);
			name = HSHttpClient;
			sourceTree = "<group>";
		};
		83A6AF8B168314EA007B35C3 = {
			isa = PBXGroup;
			children = (
				83A6AFA8168314EA007B35C3 /* http_status-Prefix.pch */,
				83A6AFA6168314EA007B35C3 /* main.m */,
				83A6AFA9168314EA007B35C3 /* hsAppDelegate.h */,
				83A6AFAA168314EA007B35C3 /* hsAppDelegate.m */,
				83765809168C4A5C00030357 /* MBProgressHUD */,
				83A6B064168319BB007B35C3 /* Nimbus */,
				83A6B06616831A97007B35C3 /* AFNetworking */,
				83A6AFA0168314EA007B35C3 /* http_status */,
				83A6AFCA168314EA007B35C3 /* http_statusTests */,
				83A6B065168319D1007B35C3 /* Resources */,
				83A6AF99168314EA007B35C3 /* Frameworks */,
				83A6AF97168314EA007B35C3 /* Products */,
			);
			sourceTree = "<group>";
		};
		83A6AF97168314EA007B35C3 /* Products */ = {
			isa = PBXGroup;
			children = (
				83A6AF96168314EA007B35C3 /* http_status.app */,
				83A6AFC3168314EA007B35C3 /* http_statusTests.octest */,
			);
			name = Products;
			sourceTree = "<group>";
		};
		83A6AF99168314EA007B35C3 /* Frameworks */ = {
			isa = PBXGroup;
			children = (
				83A6AF9A168314EA007B35C3 /* UIKit.framework */,
				83A6AF9C168314EA007B35C3 /* Foundation.framework */,
				83A6AF9E168314EA007B35C3 /* CoreGraphics.framework */,
				83A6AFC4168314EA007B35C3 /* SenTestingKit.framework */,
			);
			name = Frameworks;
			sourceTree = "<group>";
		};
		83A6AFA0168314EA007B35C3 /* http_status */ = {
			isa = PBXGroup;
			children = (
				838BEC5C16832F7A009FD77B /* HSHttpClient */,
				83A6AFB2168314EA007B35C3 /* MainStoryboard_iPhone.storyboard */,
				83A6AFB5168314EA007B35C3 /* MainStoryboard_iPad.storyboard */,
				83A3918C168ADC3900DD53B7 /* hsSiteViewController.h */,
				83A3918D168ADC3900DD53B7 /* hsSiteViewController.m */,
				83F08375168C1A8B007F232E /* hsSiteDetailViewController.h */,
				83F08376168C1A8B007F232E /* hsSiteDetailViewController.m */,
				83EE5929168C2EB000D24AA2 /* hsParamsViewController.h */,
				83EE592A168C2EB000D24AA2 /* hsParamsViewController.m */,
				83DA179C1689843A00CCB83C /* hsIboolooViewController.h */,
				83DA179D1689843A00CCB83C /* hsIboolooViewController.m */,
				83DA1775168965C100CCB83C /* hsResponseViewController.h */,
				83DA1776168965C100CCB83C /* hsResponseViewController.m */,
				8384E86F1689AB0E00873B41 /* hsHeadersViewController.h */,
				8384E8701689AB0E00873B41 /* hsHeadersViewController.m */,
				8384E8731689B23200873B41 /* hsHeaderDetailViewController.h */,
				8384E8741689B23200873B41 /* hsHeaderDetailViewController.m */,
				8389D51A168C5F33007F3298 /* hsCookieDetailViewController.h */,
				8389D51B168C5F33007F3298 /* hsCookieDetailViewController.m */,
				83A95F6C1692D84300212884 /* hsDrawOpaqueRectBlockCellObject.h */,
				83A95F6D1692D84300212884 /* hsDrawOpaqueRectBlockCellObject.m */,
				83DA177816896AE300CCB83C /* hsBodyCell.h */,
				83DA177916896AE300CCB83C /* hsBodyCell.m */,
			);
			path = http_status;
			sourceTree = "<group>";
		};
		83A6AFCA168314EA007B35C3 /* http_statusTests */ = {
			isa = PBXGroup;
			children = (
				83A6AFD0168314EA007B35C3 /* http_statusTests.h */,
				83A6AFD1168314EA007B35C3 /* http_statusTests.m */,
				83A6AFCB168314EA007B35C3 /* Supporting Files */,
			);
			path = http_statusTests;
			sourceTree = "<group>";
		};
		83A6AFCB168314EA007B35C3 /* Supporting Files */ = {
			isa = PBXGroup;
			children = (
				83A6AFCC168314EA007B35C3 /* http_statusTests-Info.plist */,
				83A6AFCD168314EA007B35C3 /* InfoPlist.strings */,
			);
			name = "Supporting Files";
			sourceTree = "<group>";
		};
		83A6AFDC16831813007B35C3 /* WebController */ = {
			isa = PBXGroup;
			children = (
				83A6B01D1683189C007B35C3 /* NimbusWebController.h */,
				83A6B01E1683189C007B35C3 /* NimbusWebController+Namespace.h */,
				83A6B01F1683189C007B35C3 /* NIWebController.h */,
				83A6B0201683189C007B35C3 /* NIWebController.m */,
			);
			name = WebController;
			path = http_status;
			sourceTree = "<group>";
		};
		83A6AFDD16831826007B35C3 /* Core */ = {
			isa = PBXGroup;
			children = (
				83A6B022168318B2007B35C3 /* NICommonMetrics.h */,
				83A6B023168318B2007B35C3 /* NICommonMetrics.m */,
				83A6B024168318B2007B35C3 /* NIDataStructures.h */,
				83A6B025168318B2007B35C3 /* NIDataStructures.m */,
				83A6B026168318B2007B35C3 /* NIDebuggingTools.h */,
				83A6B027168318B2007B35C3 /* NIDebuggingTools.m */,
				83A6B028168318B2007B35C3 /* NIDeviceOrientation.h */,
				83A6B029168318B2007B35C3 /* NIDeviceOrientation.m */,
				83A6B02A168318B2007B35C3 /* NIError.h */,
				83A6B02B168318B2007B35C3 /* NIError.m */,
				83A6B02C168318B2007B35C3 /* NIFoundationMethods.h */,
				83A6B02D168318B2007B35C3 /* NIFoundationMethods.m */,
				83A6B02E168318B2007B35C3 /* NIInMemoryCache.h */,
				83A6B02F168318B2007B35C3 /* NIInMemoryCache.m */,
				83A6B030168318B2007B35C3 /* NimbusCore.h */,
				83A6B031168318B2007B35C3 /* NimbusCore+Additions.h */,
				83A6B032168318B2007B35C3 /* NimbusCore+Namespace.h */,
				83A6B033168318B2007B35C3 /* NINavigationAppearance.h */,
				83A6B034168318B2007B35C3 /* NINavigationAppearance.m */,
				83A6B035168318B2007B35C3 /* NINetworkActivity.h */,
				83A6B036168318B2007B35C3 /* NINetworkActivity.m */,
				83A6B037168318B2007B35C3 /* NINonEmptyCollectionTesting.h */,
				83A6B038168318B2007B35C3 /* NINonEmptyCollectionTesting.m */,
				83A6B039168318B2007B35C3 /* NINonRetainingCollections.h */,
				83A6B03A168318B2007B35C3 /* NINonRetainingCollections.m */,
				83A6B03B168318B2007B35C3 /* NIOperations.h */,
				83A6B03C168318B2007B35C3 /* NIOperations.m */,
				83A6B03D168318B2007B35C3 /* NIOperations+Subclassing.h */,
				83A6B03E168318B2007B35C3 /* NIPaths.h */,
				83A6B03F168318B2007B35C3 /* NIPaths.m */,
				83A6B040168318B2007B35C3 /* NIPreprocessorMacros.h */,
				83A6B041168318B2007B35C3 /* NIRuntimeClassModifications.h */,
				83A6B042168318B2007B35C3 /* NIRuntimeClassModifications.m */,
				83A6B043168318B2007B35C3 /* NISDKAvailability.h */,
				83A6B044168318B2007B35C3 /* NISDKAvailability.m */,
				83A6B045168318B2007B35C3 /* NISnapshotRotation.h */,
				83A6B046168318B2007B35C3 /* NISnapshotRotation.m */,
				83A6B047168318B2007B35C3 /* NIState.h */,
				83A6B048168318B2007B35C3 /* NIState.m */,
				83A6B049168318B2007B35C3 /* NIViewRecycler.h */,
				83A6B04A168318B2007B35C3 /* NIViewRecycler.m */,
				83A6B04B168318B2007B35C3 /* NSString+NimbusCore.h */,
				83A6B04C168318B2007B35C3 /* NSString+NimbusCore.m */,
			);
			name = Core;
			path = http_status;
			sourceTree = "<group>";
		};
		83A6B064168319BB007B35C3 /* Nimbus */ = {
			isa = PBXGroup;
			children = (
				83A6AFDD16831826007B35C3 /* Core */,
				83DA177C168980C300CCB83C /* Models */,
				83A6AFDC16831813007B35C3 /* WebController */,
			);
			name = Nimbus;
			sourceTree = "<group>";
		};
		83A6B065168319D1007B35C3 /* Resources */ = {
			isa = PBXGroup;
			children = (
				83DAA37916954715006323C7 /* back_btn_s@2x.png */,
				83DAA37A16954715006323C7 /* blue_btn_s@2x.png */,
				83DAA37416952E83006323C7 /* back_btn@2x.png */,
				83DAA37516952E83006323C7 /* blue_btn@2x.png */,
				8372EFE716942388007F4F9B /* cell_0@2x.png */,
				8372EFE816942388007F4F9B /* cell_0_s@2x.png */,
				8372EFE916942388007F4F9B /* cell_1@2x.png */,
				8372EFEA16942388007F4F9B /* cell_1_s@2x.png */,
				8372EFEB16942388007F4F9B /* cell_2@2x.png */,
				8372EFEC16942388007F4F9B /* cell_2_s@2x.png */,
				8372EFED16942388007F4F9B /* cell_3@2x.png */,
				8372EFEE16942388007F4F9B /* cell_3_s@2x.png */,
				8372EFEF16942388007F4F9B /* cell_4@2x.png */,
				8372EFF016942388007F4F9B /* cell_4_s@2x.png */,
				8372EFE316940B53007F4F9B /* bg@2x.png */,
				8372EFE0169407EE007F4F9B /* nav@2x.png */,
				83A6AFA2168314EA007B35C3 /* http_status-Info.plist */,
				83A6AFA3168314EA007B35C3 /* InfoPlist.strings */,
				83A6AFAC168314EA007B35C3 /* Default.png */,
				83A6AFAE168314EA007B35C3 /* Default@2x.png */,
				83A6AFB0168314EA007B35C3 /* Default-568h@2x.png */,
				83A45B2B168819BB0032CD69 /* routes.plist */,
			);
			name = Resources;
			sourceTree = "<group>";
		};
		83A6B06616831A97007B35C3 /* AFNetworking */ = {
			isa = PBXGroup;
			children = (
				83EE5923168C2BFE00D24AA2 /* AFHTTPClient.h */,
				83EE5924168C2BFE00D24AA2 /* AFHTTPClient.m */,
				83A6B06916831AC7007B35C3 /* AFHTTPRequestOperation.h */,
				83A6B06A16831AC7007B35C3 /* AFHTTPRequestOperation.m */,
				83A6B06B16831AC7007B35C3 /* AFImageRequestOperation.h */,
				83A6B06C16831AC7007B35C3 /* AFImageRequestOperation.m */,
				83A6B06D16831AC7007B35C3 /* AFJSONRequestOperation.h */,
				83A6B06E16831AC7007B35C3 /* AFJSONRequestOperation.m */,
				83A6B06F16831AC7007B35C3 /* AFNetworkActivityIndicatorManager.h */,
				83A6B07016831AC7007B35C3 /* AFNetworkActivityIndicatorManager.m */,
				83A6B07116831AC7007B35C3 /* AFNetworking.h */,
				83A6B07216831AC7007B35C3 /* AFPropertyListRequestOperation.h */,
				83A6B07316831AC7007B35C3 /* AFPropertyListRequestOperation.m */,
				83A6B07416831AC7007B35C3 /* AFURLConnectionOperation.h */,
				83A6B07516831AC7007B35C3 /* AFURLConnectionOperation.m */,
				83A6B07616831AC7007B35C3 /* AFXMLRequestOperation.h */,
				83A6B07716831AC7007B35C3 /* AFXMLRequestOperation.m */,
				83A6B07816831AC7007B35C3 /* UIImageView+AFNetworking.h */,
				83A6B07916831AC7007B35C3 /* UIImageView+AFNetworking.m */,
			);
			name = AFNetworking;
			sourceTree = "<group>";
		};
		83DA177C168980C300CCB83C /* Models */ = {
			isa = PBXGroup;
			children = (
				83DA177D168980F900CCB83C /* NICellBackgrounds.h */,
				83DA177E168980F900CCB83C /* NICellBackgrounds.m */,
				83DA177F168980F900CCB83C /* NICellCatalog.h */,
				83DA1780168980F900CCB83C /* NICellCatalog.m */,
				83DA1781168980F900CCB83C /* NICellFactory.h */,
				83DA1782168980F900CCB83C /* NICellFactory.m */,
				83DA1783168980F900CCB83C /* NIFormCellCatalog.h */,
				83DA1784168980F900CCB83C /* NIFormCellCatalog.m */,
				83DA1785168980F900CCB83C /* NimbusModels.h */,
				83DA1786168980F900CCB83C /* NimbusModels+Namespace.h */,
				83DA1787168980F900CCB83C /* NIMutableTableViewModel.h */,
				83DA1788168980F900CCB83C /* NIMutableTableViewModel.m */,
				83DA1789168980F900CCB83C /* NIMutableTableViewModel+Private.h */,
				83DA178A168980F900CCB83C /* NIRadioGroup.h */,
				83DA178B168980F900CCB83C /* NIRadioGroup.m */,
				83DA178C168980F900CCB83C /* NIRadioGroupController.h */,
				83DA178D168980F900CCB83C /* NIRadioGroupController.m */,
				83DA178E168980F900CCB83C /* NITableViewActions.h */,
				83DA178F168980F900CCB83C /* NITableViewActions.m */,
				83DA1790168980F900CCB83C /* NITableViewModel.h */,
				83DA1791168980F900CCB83C /* NITableViewModel.m */,
				83DA1792168980F900CCB83C /* NITableViewModel+Private.h */,
			);
			name = Models;
			sourceTree = "<group>";
		};
/* End PBXGroup section */

/* Begin PBXNativeTarget section */
		83A6AF95168314EA007B35C3 /* http_status */ = {
			isa = PBXNativeTarget;
			buildConfigurationList = 83A6AFD5168314EB007B35C3 /* Build configuration list for PBXNativeTarget "http_status" */;
			buildPhases = (
				83A6AF92168314EA007B35C3 /* Sources */,
				83A6AF93168314EA007B35C3 /* Frameworks */,
				83A6AF94168314EA007B35C3 /* Resources */,
			);
			buildRules = (
			);
			dependencies = (
			);
			name = http_status;
			productName = http_status;
			productReference = 83A6AF96168314EA007B35C3 /* http_status.app */;
			productType = "com.apple.product-type.application";
		};
		83A6AFC2168314EA007B35C3 /* http_statusTests */ = {
			isa = PBXNativeTarget;
			buildConfigurationList = 83A6AFD8168314EB007B35C3 /* Build configuration list for PBXNativeTarget "http_statusTests" */;
			buildPhases = (
				83A6AFBE168314EA007B35C3 /* Sources */,
				83A6AFBF168314EA007B35C3 /* Frameworks */,
				83A6AFC0168314EA007B35C3 /* Resources */,
				83A6AFC1168314EA007B35C3 /* ShellScript */,
			);
			buildRules = (
			);
			dependencies = (
				83A6AFC9168314EA007B35C3 /* PBXTargetDependency */,
			);
			name = http_statusTests;
			productName = http_statusTests;
			productReference = 83A6AFC3168314EA007B35C3 /* http_statusTests.octest */;
			productType = "com.apple.product-type.bundle";
		};
/* End PBXNativeTarget section */

/* Begin PBXProject section */
		83A6AF8D168314EA007B35C3 /* Project object */ = {
			isa = PBXProject;
			attributes = {
				CLASSPREFIX = hs;
				LastUpgradeCheck = 0450;
				ORGANIZATIONNAME = tyrande;
			};
			buildConfigurationList = 83A6AF90168314EA007B35C3 /* Build configuration list for PBXProject "http_status" */;
			compatibilityVersion = "Xcode 3.2";
			developmentRegion = English;
			hasScannedForEncodings = 0;
			knownRegions = (
				en,
			);
			mainGroup = 83A6AF8B168314EA007B35C3;
			productRefGroup = 83A6AF97168314EA007B35C3 /* Products */;
			projectDirPath = "";
			projectRoot = "";
			targets = (
				83A6AF95168314EA007B35C3 /* http_status */,
				83A6AFC2168314EA007B35C3 /* http_statusTests */,
			);
		};
/* End PBXProject section */

/* Begin PBXResourcesBuildPhase section */
		83A6AF94168314EA007B35C3 /* Resources */ = {
			isa = PBXResourcesBuildPhase;
			buildActionMask = 2147483647;
			files = (
				83A6AFA5168314EA007B35C3 /* InfoPlist.strings in Resources */,
				83A6AFAD168314EA007B35C3 /* Default.png in Resources */,
				83A6AFAF168314EA007B35C3 /* Default@2x.png in Resources */,
				83A6AFB1168314EA007B35C3 /* Default-568h@2x.png in Resources */,
				83A6AFB4168314EA007B35C3 /* MainStoryboard_iPhone.storyboard in Resources */,
				83A6AFB7168314EA007B35C3 /* MainStoryboard_iPad.storyboard in Resources */,
				83A45B2C168819BB0032CD69 /* routes.plist in Resources */,
				8372EFE1169407EE007F4F9B /* nav@2x.png in Resources */,
				8372EFE516940B53007F4F9B /* bg@2x.png in Resources */,
				8372EFF116942388007F4F9B /* cell_0@2x.png in Resources */,
				8372EFF216942388007F4F9B /* cell_0_s@2x.png in Resources */,
				8372EFF316942388007F4F9B /* cell_1@2x.png in Resources */,
				8372EFF416942388007F4F9B /* cell_1_s@2x.png in Resources */,
				8372EFF516942388007F4F9B /* cell_2@2x.png in Resources */,
				8372EFF616942388007F4F9B /* cell_2_s@2x.png in Resources */,
				8372EFF716942388007F4F9B /* cell_3@2x.png in Resources */,
				8372EFF816942388007F4F9B /* cell_3_s@2x.png in Resources */,
				8372EFF916942388007F4F9B /* cell_4@2x.png in Resources */,
				8372EFFA16942388007F4F9B /* cell_4_s@2x.png in Resources */,
				83DAA37616952E83006323C7 /* back_btn@2x.png in Resources */,
				83DAA37716952E83006323C7 /* blue_btn@2x.png in Resources */,
				83DAA37B16954715006323C7 /* back_btn_s@2x.png in Resources */,
				83DAA37C16954715006323C7 /* blue_btn_s@2x.png in Resources */,
			);
			runOnlyForDeploymentPostprocessing = 0;
		};
		83A6AFC0168314EA007B35C3 /* Resources */ = {
			isa = PBXResourcesBuildPhase;
			buildActionMask = 2147483647;
			files = (
				83A6AFCF168314EA007B35C3 /* InfoPlist.strings in Resources */,
			);
			runOnlyForDeploymentPostprocessing = 0;
		};
/* End PBXResourcesBuildPhase section */

/* Begin PBXShellScriptBuildPhase section */
		83A6AFC1168314EA007B35C3 /* ShellScript */ = {
			isa = PBXShellScriptBuildPhase;
			buildActionMask = 2147483647;
			files = (
			);
			inputPaths = (
			);
			outputPaths = (
			);
			runOnlyForDeploymentPostprocessing = 0;
			shellPath = /bin/sh;
			shellScript = "# Run the unit tests in this test bundle.\n\"${SYSTEM_DEVELOPER_DIR}/Tools/RunUnitTests\"\n";
		};
/* End PBXShellScriptBuildPhase section */

/* Begin PBXSourcesBuildPhase section */
		83A6AF92168314EA007B35C3 /* Sources */ = {
			isa = PBXSourcesBuildPhase;
			buildActionMask = 2147483647;
			files = (
				83A6AFA7168314EA007B35C3 /* main.m in Sources */,
				83A6AFAB168314EA007B35C3 /* hsAppDelegate.m in Sources */,
				83A6B0211683189C007B35C3 /* NIWebController.m in Sources */,
				83A6B04D168318B2007B35C3 /* NICommonMetrics.m in Sources */,
				83A6B04E168318B2007B35C3 /* NIDataStructures.m in Sources */,
				83A6B04F168318B2007B35C3 /* NIDebuggingTools.m in Sources */,
				83A6B050168318B2007B35C3 /* NIDeviceOrientation.m in Sources */,
				83A6B051168318B2007B35C3 /* NIError.m in Sources */,
				83A6B052168318B2007B35C3 /* NIFoundationMethods.m in Sources */,
				83A6B053168318B2007B35C3 /* NIInMemoryCache.m in Sources */,
				83A6B054168318B2007B35C3 /* NINavigationAppearance.m in Sources */,
				83A6B055168318B2007B35C3 /* NINetworkActivity.m in Sources */,
				83A6B056168318B2007B35C3 /* NINonEmptyCollectionTesting.m in Sources */,
				83A6B057168318B2007B35C3 /* NINonRetainingCollections.m in Sources */,
				83A6B058168318B2007B35C3 /* NIOperations.m in Sources */,
				83A6B059168318B2007B35C3 /* NIPaths.m in Sources */,
				83A6B05A168318B2007B35C3 /* NIRuntimeClassModifications.m in Sources */,
				83A6B05B168318B2007B35C3 /* NISDKAvailability.m in Sources */,
				83A6B05C168318B2007B35C3 /* NISnapshotRotation.m in Sources */,
				83A6B05D168318B2007B35C3 /* NIState.m in Sources */,
				83A6B05E168318B2007B35C3 /* NIViewRecycler.m in Sources */,
				83A6B05F168318B2007B35C3 /* NSString+NimbusCore.m in Sources */,
				83A6B07B16831AC7007B35C3 /* AFHTTPRequestOperation.m in Sources */,
				83A6B07C16831AC7007B35C3 /* AFImageRequestOperation.m in Sources */,
				83A6B07D16831AC7007B35C3 /* AFJSONRequestOperation.m in Sources */,
				83A6B07E16831AC7007B35C3 /* AFNetworkActivityIndicatorManager.m in Sources */,
				83A6B07F16831AC7007B35C3 /* AFPropertyListRequestOperation.m in Sources */,
				83A6B08016831AC7007B35C3 /* AFURLConnectionOperation.m in Sources */,
				83A6B08116831AC7007B35C3 /* AFXMLRequestOperation.m in Sources */,
				83A6B08216831AC7007B35C3 /* UIImageView+AFNetworking.m in Sources */,
				83DA1777168965C100CCB83C /* hsResponseViewController.m in Sources */,
				83DA177A16896AE300CCB83C /* hsBodyCell.m in Sources */,
				83DA1793168980FA00CCB83C /* NICellBackgrounds.m in Sources */,
				83DA1794168980FA00CCB83C /* NICellCatalog.m in Sources */,
				83DA1795168980FA00CCB83C /* NICellFactory.m in Sources */,
				83DA1796168980FA00CCB83C /* NIFormCellCatalog.m in Sources */,
				83DA1797168980FA00CCB83C /* NIMutableTableViewModel.m in Sources */,
				83DA1798168980FA00CCB83C /* NIRadioGroup.m in Sources */,
				83DA1799168980FA00CCB83C /* NIRadioGroupController.m in Sources */,
				83DA179A168980FA00CCB83C /* NITableViewActions.m in Sources */,
				83DA179B168980FA00CCB83C /* NITableViewModel.m in Sources */,
				83DA179E1689843A00CCB83C /* hsIboolooViewController.m in Sources */,
				8384E8711689AB0E00873B41 /* hsHeadersViewController.m in Sources */,
				8384E8751689B23200873B41 /* hsHeaderDetailViewController.m in Sources */,
				83A39187168AA4FD00DD53B7 /* hsHttpEngine.m in Sources */,
				83A3918E168ADC3900DD53B7 /* hsSiteViewController.m in Sources */,
				83F08377168C1A8B007F232E /* hsSiteDetailViewController.m in Sources */,
				83EE5925168C2BFE00D24AA2 /* AFHTTPClient.m in Sources */,
				83EE5928168C2C2700D24AA2 /* IBoolooHttpClient.m in Sources */,
				83EE592B168C2EB000D24AA2 /* hsParamsViewController.m in Sources */,
				8376580D168C4A7D00030357 /* MBProgressHUD.m in Sources */,
				8389D51C168C5F33007F3298 /* hsCookieDetailViewController.m in Sources */,
				83A95F6E1692D84300212884 /* hsDrawOpaqueRectBlockCellObject.m in Sources */,
			);
			runOnlyForDeploymentPostprocessing = 0;
		};
		83A6AFBE168314EA007B35C3 /* Sources */ = {
			isa = PBXSourcesBuildPhase;
			buildActionMask = 2147483647;
			files = (
				83A6AFD2168314EA007B35C3 /* http_statusTests.m in Sources */,
			);
			runOnlyForDeploymentPostprocessing = 0;
		};
/* End PBXSourcesBuildPhase section */

/* Begin PBXTargetDependency section */
		83A6AFC9168314EA007B35C3 /* PBXTargetDependency */ = {
			isa = PBXTargetDependency;
			target = 83A6AF95168314EA007B35C3 /* http_status */;
			targetProxy = 83A6AFC8168314EA007B35C3 /* PBXContainerItemProxy */;
		};
/* End PBXTargetDependency section */

/* Begin PBXVariantGroup section */
		83A6AFA3168314EA007B35C3 /* InfoPlist.strings */ = {
			isa = PBXVariantGroup;
			children = (
				83A6AFA4168314EA007B35C3 /* en */,
			);
			name = InfoPlist.strings;
			path = http_status;
			sourceTree = "<group>";
		};
		83A6AFB2168314EA007B35C3 /* MainStoryboard_iPhone.storyboard */ = {
			isa = PBXVariantGroup;
			children = (
				83A6AFB3168314EA007B35C3 /* en */,
			);
			name = MainStoryboard_iPhone.storyboard;
			sourceTree = "<group>";
		};
		83A6AFB5168314EA007B35C3 /* MainStoryboard_iPad.storyboard */ = {
			isa = PBXVariantGroup;
			children = (
				83A6AFB6168314EA007B35C3 /* en */,
			);
			name = MainStoryboard_iPad.storyboard;
			sourceTree = "<group>";
		};
		83A6AFCD168314EA007B35C3 /* InfoPlist.strings */ = {
			isa = PBXVariantGroup;
			children = (
				83A6AFCE168314EA007B35C3 /* en */,
			);
			name = InfoPlist.strings;
			sourceTree = "<group>";
		};
/* End PBXVariantGroup section */

/* Begin XCBuildConfiguration section */
		83A6AFD3168314EA007B35C3 /* Debug */ = {
			isa = XCBuildConfiguration;
			buildSettings = {
				ALWAYS_SEARCH_USER_PATHS = NO;
				CLANG_CXX_LANGUAGE_STANDARD = "gnu++0x";
				CLANG_CXX_LIBRARY = "libc++";
				CLANG_ENABLE_OBJC_ARC = YES;
				CLANG_WARN_EMPTY_BODY = YES;
				CLANG_WARN__DUPLICATE_METHOD_MATCH = YES;
				"CODE_SIGN_IDENTITY[sdk=iphoneos*]" = "iPhone Developer";
				COPY_PHASE_STRIP = NO;
				GCC_C_LANGUAGE_STANDARD = gnu99;
				GCC_DYNAMIC_NO_PIC = NO;
				GCC_OPTIMIZATION_LEVEL = 0;
				GCC_PREPROCESSOR_DEFINITIONS = (
					"DEBUG=1",
					"$(inherited)",
				);
				GCC_SYMBOLS_PRIVATE_EXTERN = NO;
				GCC_WARN_ABOUT_RETURN_TYPE = YES;
				GCC_WARN_UNINITIALIZED_AUTOS = YES;
				GCC_WARN_UNUSED_VARIABLE = YES;
				IPHONEOS_DEPLOYMENT_TARGET = 6.0;
				ONLY_ACTIVE_ARCH = YES;
				SDKROOT = iphoneos;
				TARGETED_DEVICE_FAMILY = "1,2";
			};
			name = Debug;
		};
		83A6AFD4168314EB007B35C3 /* Release */ = {
			isa = XCBuildConfiguration;
			buildSettings = {
				ALWAYS_SEARCH_USER_PATHS = NO;
				CLANG_CXX_LANGUAGE_STANDARD = "gnu++0x";
				CLANG_CXX_LIBRARY = "libc++";
				CLANG_ENABLE_OBJC_ARC = YES;
				CLANG_WARN_EMPTY_BODY = YES;
				CLANG_WARN__DUPLICATE_METHOD_MATCH = YES;
				"CODE_SIGN_IDENTITY[sdk=iphoneos*]" = "iPhone Developer";
				COPY_PHASE_STRIP = YES;
				GCC_C_LANGUAGE_STANDARD = gnu99;
				GCC_WARN_ABOUT_RETURN_TYPE = YES;
				GCC_WARN_UNINITIALIZED_AUTOS = YES;
				GCC_WARN_UNUSED_VARIABLE = YES;
				IPHONEOS_DEPLOYMENT_TARGET = 6.0;
				OTHER_CFLAGS = "-DNS_BLOCK_ASSERTIONS=1";
				SDKROOT = iphoneos;
				TARGETED_DEVICE_FAMILY = "1,2";
				VALIDATE_PRODUCT = YES;
			};
			name = Release;
		};
		83A6AFD6168314EB007B35C3 /* Debug */ = {
			isa = XCBuildConfiguration;
			buildSettings = {
				GCC_PRECOMPILE_PREFIX_HEADER = YES;
				GCC_PREFIX_HEADER = "http_status/http_status-Prefix.pch";
				INFOPLIST_FILE = "http_status/http_status-Info.plist";
				IPHONEOS_DEPLOYMENT_TARGET = 5.0;
				PRODUCT_NAME = "$(TARGET_NAME)";
				WRAPPER_EXTENSION = app;
			};
			name = Debug;
		};
		83A6AFD7168314EB007B35C3 /* Release */ = {
			isa = XCBuildConfiguration;
			buildSettings = {
				GCC_PRECOMPILE_PREFIX_HEADER = YES;
				GCC_PREFIX_HEADER = "http_status/http_status-Prefix.pch";
				INFOPLIST_FILE = "http_status/http_status-Info.plist";
				IPHONEOS_DEPLOYMENT_TARGET = 5.0;
				PRODUCT_NAME = "$(TARGET_NAME)";
				WRAPPER_EXTENSION = app;
			};
			name = Release;
		};
		83A6AFD9168314EB007B35C3 /* Debug */ = {
			isa = XCBuildConfiguration;
			buildSettings = {
				BUNDLE_LOADER = "$(BUILT_PRODUCTS_DIR)/http_status.app/http_status";
				FRAMEWORK_SEARCH_PATHS = (
					"\"$(SDKROOT)/Developer/Library/Frameworks\"",
					"\"$(DEVELOPER_LIBRARY_DIR)/Frameworks\"",
				);
				GCC_PRECOMPILE_PREFIX_HEADER = YES;
				GCC_PREFIX_HEADER = "http_status/http_status-Prefix.pch";
				INFOPLIST_FILE = "http_statusTests/http_statusTests-Info.plist";
				PRODUCT_NAME = "$(TARGET_NAME)";
				TEST_HOST = "$(BUNDLE_LOADER)";
				WRAPPER_EXTENSION = octest;
			};
			name = Debug;
		};
		83A6AFDA168314EB007B35C3 /* Release */ = {
			isa = XCBuildConfiguration;
			buildSettings = {
				BUNDLE_LOADER = "$(BUILT_PRODUCTS_DIR)/http_status.app/http_status";
				FRAMEWORK_SEARCH_PATHS = (
					"\"$(SDKROOT)/Developer/Library/Frameworks\"",
					"\"$(DEVELOPER_LIBRARY_DIR)/Frameworks\"",
				);
				GCC_PRECOMPILE_PREFIX_HEADER = YES;
				GCC_PREFIX_HEADER = "http_status/http_status-Prefix.pch";
				INFOPLIST_FILE = "http_statusTests/http_statusTests-Info.plist";
				PRODUCT_NAME = "$(TARGET_NAME)";
				TEST_HOST = "$(BUNDLE_LOADER)";
				WRAPPER_EXTENSION = octest;
			};
			name = Release;
		};
/* End XCBuildConfiguration section */

/* Begin XCConfigurationList section */
		83A6AF90168314EA007B35C3 /* Build configuration list for PBXProject "http_status" */ = {
			isa = XCConfigurationList;
			buildConfigurations = (
				83A6AFD3168314EA007B35C3 /* Debug */,
				83A6AFD4168314EB007B35C3 /* Release */,
			);
			defaultConfigurationIsVisible = 0;
			defaultConfigurationName = Release;
		};
		83A6AFD5168314EB007B35C3 /* Build configuration list for PBXNativeTarget "http_status" */ = {
			isa = XCConfigurationList;
			buildConfigurations = (
				83A6AFD6168314EB007B35C3 /* Debug */,
				83A6AFD7168314EB007B35C3 /* Release */,
			);
			defaultConfigurationIsVisible = 0;
			defaultConfigurationName = Release;
		};
		83A6AFD8168314EB007B35C3 /* Build configuration list for PBXNativeTarget "http_statusTests" */ = {
			isa = XCConfigurationList;
			buildConfigurations = (
				83A6AFD9168314EB007B35C3 /* Debug */,
				83A6AFDA168314EB007B35C3 /* Release */,
			);
			defaultConfigurationIsVisible = 0;
			defaultConfigurationName = Release;
		};
/* End XCConfigurationList section */
	};
	rootObject = 83A6AF8D168314EA007B35C3 /* Project object */;
}
